
Microsoft Visual Studio Solution File, Format Version 12.00
# Visual Studio Version 17
VisualStudioVersion = 17.10.35013.160
MinimumVisualStudioVersion = 10.0.40219.1
Project("{FAE04EC0-301F-11D3-BF4B-00C04F79EFBC}") = "geekhub_Project", "geekhub_Project\geekhub_Project.csproj", "{7D26B29C-B5D9-438E-909D-05C56A185500}"
EndProject
Global
	GlobalSection(SolutionConfigurationPlatforms) = preSolution
		Debug|Any CPU = Debug|Any CPU
		Release|Any CPU = Release|Any CPU
	EndGlobalSection
	GlobalSection(ProjectConfigurationPlatforms) = postSolution
		{7D26B29C-B5D9-438E-909D-05C56A185500}.Debug|Any CPU.ActiveCfg = Debug|Any CPU
		{7D26B29C-B5D9-438E-909D-05C56A185500}.Debug|Any CPU.Build.0 = Debug|Any CPU
		{7D26B29C-B5D9-438E-909D-05C56A185500}.Release|Any CPU.ActiveCfg = Release|Any CPU
		{7D26B29C-B5D9-438E-909D-05C56A185500}.Release|Any CPU.Build.0 = Release|Any CPU
	EndGlobalSection
	GlobalSection(SolutionProperties) = preSolution
		HideSolutionNode = FALSE
	EndGlobalSection
	GlobalSection(ExtensibilityGlobals) = postSolution
		SolutionGuid = {92187309-5A04-4B48-B219-83607F4BC3A6}
	EndGlobalSection
EndGlobal
